// !$*UTF8*$!
{
	archiveVersion = 1;
	classes = {
	};
	objectVersion = 46;
	objects = {

/* Begin PBXBuildFile section */
		50082EB21A228D3D00D50464 /* main.cpp in Sources */ = {isa = PBXBuildFile; fileRef = 50082EB11A228D3D00D50464 /* main.cpp */; };
		50082EBA1A22940A00D50464 /* GarfieldApplication.cpp in Sources */ = {isa = PBXBuildFile; fileRef = 50082EB81A22940A00D50464 /* GarfieldApplication.cpp */; };
		50082EBD1A229E2100D50464 /* MyApplication.cpp in Sources */ = {isa = PBXBuildFile; fileRef = 50082EBB1A229E2100D50464 /* MyApplication.cpp */; };
		50082EC01A22BAAB00D50464 /* V3.cpp in Sources */ = {isa = PBXBuildFile; fileRef = 50082EBE1A22BAAB00D50464 /* V3.cpp */; };
		50082EC31A22BFAF00D50464 /* V2.cpp in Sources */ = {isa = PBXBuildFile; fileRef = 50082EC11A22BFAF00D50464 /* V2.cpp */; };
		506525A51A26C559007A652F /* Color.cpp in Sources */ = {isa = PBXBuildFile; fileRef = 506525A31A26C559007A652F /* Color.cpp */; };
		50A1D3901A26DF1900236A91 /* Matrix4.cpp in Sources */ = {isa = PBXBuildFile; fileRef = 50A1D38E1A26DF1900236A91 /* Matrix4.cpp */; };
/* End PBXBuildFile section */

/* Begin PBXCopyFilesBuildPhase section */
		50082EAC1A228D3D00D50464 /* CopyFiles */ = {
			isa = PBXCopyFilesBuildPhase;
			buildActionMask = 2147483647;
			dstPath = /usr/share/man/man1/;
			dstSubfolderSpec = 0;
			files = (
			);
			runOnlyForDeploymentPostprocessing = 1;
		};
/* End PBXCopyFilesBuildPhase section */

/* Begin PBXFileReference section */
		50082EAE1A228D3D00D50464 /* Garfield.app */ = {isa = PBXFileReference; explicitFileType = wrapper.application; includeInIndex = 0; path = Garfield.app; sourceTree = BUILT_PRODUCTS_DIR; };
		50082EB11A228D3D00D50464 /* main.cpp */ = {isa = PBXFileReference; lastKnownFileType = sourcecode.cpp.cpp; path = main.cpp; sourceTree = "<group>"; };
		50082EB81A22940A00D50464 /* GarfieldApplication.cpp */ = {isa = PBXFileReference; fileEncoding = 4; lastKnownFileType = sourcecode.cpp.cpp; path = GarfieldApplication.cpp; sourceTree = "<group>"; };
		50082EB91A22940A00D50464 /* GarfieldApplication.h */ = {isa = PBXFileReference; fileEncoding = 4; lastKnownFileType = sourcecode.c.h; path = GarfieldApplication.h; sourceTree = "<group>"; };
		50082EBB1A229E2100D50464 /* MyApplication.cpp */ = {isa = PBXFileReference; fileEncoding = 4; lastKnownFileType = sourcecode.cpp.cpp; path = MyApplication.cpp; sourceTree = "<group>"; };
		50082EBC1A229E2100D50464 /* MyApplication.h */ = {isa = PBXFileReference; fileEncoding = 4; lastKnownFileType = sourcecode.c.h; path = MyApplication.h; sourceTree = "<group>"; };
		50082EBE1A22BAAB00D50464 /* V3.cpp */ = {isa = PBXFileReference; fileEncoding = 4; lastKnownFileType = sourcecode.cpp.cpp; path = V3.cpp; sourceTree = "<group>"; };
		50082EBF1A22BAAB00D50464 /* V3.h */ = {isa = PBXFileReference; fileEncoding = 4; lastKnownFileType = sourcecode.c.h; path = V3.h; sourceTree = "<group>"; };
		50082EC11A22BFAF00D50464 /* V2.cpp */ = {isa = PBXFileReference; fileEncoding = 4; lastKnownFileType = sourcecode.cpp.cpp; path = V2.cpp; sourceTree = "<group>"; };
		50082EC21A22BFAF00D50464 /* V2.h */ = {isa = PBXFileReference; fileEncoding = 4; lastKnownFileType = sourcecode.c.h; path = V2.h; sourceTree = "<group>"; };
		506525A31A26C559007A652F /* Color.cpp */ = {isa = PBXFileReference; fileEncoding = 4; lastKnownFileType = sourcecode.cpp.cpp; path = Color.cpp; sourceTree = "<group>"; };
		506525A41A26C559007A652F /* Color.h */ = {isa = PBXFileReference; fileEncoding = 4; lastKnownFileType = sourcecode.c.h; path = Color.h; sourceTree = "<group>"; };
		50A1D38E1A26DF1900236A91 /* Matrix4.cpp */ = {isa = PBXFileReference; fileEncoding = 4; lastKnownFileType = sourcecode.cpp.cpp; path = Matrix4.cpp; sourceTree = "<group>"; };
		50A1D38F1A26DF1900236A91 /* Matrix4.h */ = {isa = PBXFileReference; fileEncoding = 4; lastKnownFileType = sourcecode.c.h; path = Matrix4.h; sourceTree = "<group>"; };
/* End PBXFileReference section */

/* Begin PBXFrameworksBuildPhase section */
		50082EAB1A228D3D00D50464 /* Frameworks */ = {
			isa = PBXFrameworksBuildPhase;
			buildActionMask = 2147483647;
			files = (
			);
			runOnlyForDeploymentPostprocessing = 0;
		};
/* End PBXFrameworksBuildPhase section */

/* Begin PBXGroup section */
		50082EA51A228D3D00D50464 = {
			isa = PBXGroup;
			children = (
				50082EB01A228D3D00D50464 /* Garfield */,
				50082EAF1A228D3D00D50464 /* Products */,
			);
			sourceTree = "<group>";
		};
		50082EAF1A228D3D00D50464 /* Products */ = {
			isa = PBXGroup;
			children = (
				50082EAE1A228D3D00D50464 /* Garfield.app */,
			);
			name = Products;
			sourceTree = "<group>";
		};
		50082EB01A228D3D00D50464 /* Garfield */ = {
			isa = PBXGroup;
			children = (
				50082EB11A228D3D00D50464 /* main.cpp */,
				50082EB81A22940A00D50464 /* GarfieldApplication.cpp */,
				50082EB91A22940A00D50464 /* GarfieldApplication.h */,
				50082EBB1A229E2100D50464 /* MyApplication.cpp */,
				50082EBC1A229E2100D50464 /* MyApplication.h */,
				50082EBE1A22BAAB00D50464 /* V3.cpp */,
				50082EBF1A22BAAB00D50464 /* V3.h */,
				50082EC11A22BFAF00D50464 /* V2.cpp */,
				50082EC21A22BFAF00D50464 /* V2.h */,
				506525A31A26C559007A652F /* Color.cpp */,
				506525A41A26C559007A652F /* Color.h */,
				50A1D38E1A26DF1900236A91 /* Matrix4.cpp */,
				50A1D38F1A26DF1900236A91 /* Matrix4.h */,
			);
			path = Garfield;
			sourceTree = "<group>";
		};
/* End PBXGroup section */

/* Begin PBXNativeTarget section */
		50082EAD1A228D3D00D50464 /* Garfield */ = {
			isa = PBXNativeTarget;
			buildConfigurationList = 50082EB51A228D3D00D50464 /* Build configuration list for PBXNativeTarget "Garfield" */;
			buildPhases = (
				50082EAA1A228D3D00D50464 /* Sources */,
				50082EAB1A228D3D00D50464 /* Frameworks */,
				50082EAC1A228D3D00D50464 /* CopyFiles */,
			);
			buildRules = (
			);
			dependencies = (
			);
			name = Garfield;
			productName = Garfield;
			productReference = 50082EAE1A228D3D00D50464 /* Garfield.app */;
			productType = "com.apple.product-type.application";
		};
/* End PBXNativeTarget section */

/* Begin PBXProject section */
		50082EA61A228D3D00D50464 /* Project object */ = {
			isa = PBXProject;
			attributes = {
				LastUpgradeCheck = 0610;
				ORGANIZATIONNAME = "Max Dumas";
				TargetAttributes = {
					50082EAD1A228D3D00D50464 = {
						CreatedOnToolsVersion = 6.1;
					};
				};
			};
			buildConfigurationList = 50082EA91A228D3D00D50464 /* Build configuration list for PBXProject "Garfield" */;
			compatibilityVersion = "Xcode 3.2";
			developmentRegion = English;
			hasScannedForEncodings = 0;
			knownRegions = (
				en,
			);
			mainGroup = 50082EA51A228D3D00D50464;
			productRefGroup = 50082EAF1A228D3D00D50464 /* Products */;
			projectDirPath = "";
			projectRoot = "";
			targets = (
				50082EAD1A228D3D00D50464 /* Garfield */,
			);
		};
/* End PBXProject section */

/* Begin PBXSourcesBuildPhase section */
		50082EAA1A228D3D00D50464 /* Sources */ = {
			isa = PBXSourcesBuildPhase;
			buildActionMask = 2147483647;
			files = (
				50082EBA1A22940A00D50464 /* GarfieldApplication.cpp in Sources */,
				506525A51A26C559007A652F /* Color.cpp in Sources */,
				50082EC01A22BAAB00D50464 /* V3.cpp in Sources */,
				50082EC31A22BFAF00D50464 /* V2.cpp in Sources */,
				50082EB21A228D3D00D50464 /* main.cpp in Sources */,
				50082EBD1A229E2100D50464 /* MyApplication.cpp in Sources */,
				50A1D3901A26DF1900236A91 /* Matrix4.cpp in Sources */,
			);
			runOnlyForDeploymentPostprocessing = 0;
		};
/* End PBXSourcesBuildPhase section */

/* Begin XCBuildConfiguration section */
		50082EB31A228D3D00D50464 /* Debug */ = {
			isa = XCBuildConfiguration;
			buildSettings = {
				ALWAYS_SEARCH_USER_PATHS = NO;
				ARCHS = "$(ARCHS_STANDARD_64_BIT)";
				CLANG_CXX_LANGUAGE_STANDARD = "gnu++0x";
				CLANG_CXX_LIBRARY = "libc++";
				CLANG_ENABLE_MODULES = YES;
				CLANG_ENABLE_OBJC_ARC = YES;
				CLANG_WARN_BOOL_CONVERSION = YES;
				CLANG_WARN_CONSTANT_CONVERSION = YES;
				CLANG_WARN_DIRECT_OBJC_ISA_USAGE = YES_ERROR;
				CLANG_WARN_EMPTY_BODY = YES;
				CLANG_WARN_ENUM_CONVERSION = YES;
				CLANG_WARN_INT_CONVERSION = YES;
				CLANG_WARN_OBJC_ROOT_CLASS = YES_ERROR;
				CLANG_WARN_UNREACHABLE_CODE = YES;
				CLANG_WARN__DUPLICATE_METHOD_MATCH = YES;
				COPY_PHASE_STRIP = NO;
				ENABLE_STRICT_OBJC_MSGSEND = YES;
				GCC_C_LANGUAGE_STANDARD = gnu99;
				GCC_DYNAMIC_NO_PIC = NO;
				GCC_ENABLE_OBJC_EXCEPTIONS = YES;
				GCC_OPTIMIZATION_LEVEL = 0;
				GCC_PREPROCESSOR_DEFINITIONS = (
					"DEBUG=1",
					"$(inherited)",
				);
				GCC_SYMBOLS_PRIVATE_EXTERN = NO;
				GCC_WARN_64_TO_32_BIT_CONVERSION = YES;
				GCC_WARN_ABOUT_RETURN_TYPE = YES_ERROR;
				GCC_WARN_UNDECLARED_SELECTOR = YES;
				GCC_WARN_UNINITIALIZED_AUTOS = YES_AGGRESSIVE;
				GCC_WARN_UNUSED_FUNCTION = YES;
				GCC_WARN_UNUSED_VARIABLE = YES;
				MACOSX_DEPLOYMENT_TARGET = 10.10;
				MTL_ENABLE_DEBUG_INFO = YES;
				ONLY_ACTIVE_ARCH = YES;
				SDKROOT = macosx;
			};
			name = Debug;
		};
		50082EB41A228D3D00D50464 /* Release */ = {
			isa = XCBuildConfiguration;
			buildSettings = {
				ALWAYS_SEARCH_USER_PATHS = NO;
				ARCHS = "$(ARCHS_STANDARD_64_BIT)";
				CLANG_CXX_LANGUAGE_STANDARD = "gnu++0x";
				CLANG_CXX_LIBRARY = "libc++";
				CLANG_ENABLE_MODULES = YES;
				CLANG_ENABLE_OBJC_ARC = YES;
				CLANG_WARN_BOOL_CONVERSION = YES;
				CLANG_WARN_CONSTANT_CONVERSION = YES;
				CLANG_WARN_DIRECT_OBJC_ISA_USAGE = YES_ERROR;
				CLANG_WARN_EMPTY_BODY = YES;
				CLANG_WARN_ENUM_CONVERSION = YES;
				CLANG_WARN_INT_CONVERSION = YES;
				CLANG_WARN_OBJC_ROOT_CLASS = YES_ERROR;
				CLANG_WARN_UNREACHABLE_CODE = YES;
				CLANG_WARN__DUPLICATE_METHOD_MATCH = YES;
				COPY_PHASE_STRIP = YES;
				DEBUG_INFORMATION_FORMAT = "dwarf-with-dsym";
				ENABLE_NS_ASSERTIONS = NO;
				ENABLE_STRICT_OBJC_MSGSEND = YES;
				GCC_C_LANGUAGE_STANDARD = gnu99;
				GCC_ENABLE_OBJC_EXCEPTIONS = YES;
				GCC_WARN_64_TO_32_BIT_CONVERSION = YES;
				GCC_WARN_ABOUT_RETURN_TYPE = YES_ERROR;
				GCC_WARN_UNDECLARED_SELECTOR = YES;
				GCC_WARN_UNINITIALIZED_AUTOS = YES_AGGRESSIVE;
				GCC_WARN_UNUSED_FUNCTION = YES;
				GCC_WARN_UNUSED_VARIABLE = YES;
				MACOSX_DEPLOYMENT_TARGET = 10.10;
				MTL_ENABLE_DEBUG_INFO = NO;
				SDKROOT = macosx;
			};
			name = Release;
		};
		50082EB61A228D3D00D50464 /* Debug */ = {
			isa = XCBuildConfiguration;
			buildSettings = {
				FRAMEWORK_SEARCH_PATHS = /Library/Frameworks;
				HEADER_SEARCH_PATHS = (
					/opt/local/include,
					/usr/include,
					/usr/local/include,
				);
				LIBRARY_SEARCH_PATHS = (
					/opt/local/lib,
					/usr/lib,
				);
				OTHER_LDFLAGS = (
					"-framework",
					cocoa,
					"-framework",
					SDL2,
				);
				PRODUCT_NAME = "$(TARGET_NAME)";
				USER_HEADER_SEARCH_PATHS = "";
			};
			name = Debug;
		};
		50082EB71A228D3D00D50464 /* Release */ = {
			isa = XCBuildConfiguration;
			buildSettings = {
				FRAMEWORK_SEARCH_PATHS = /Library/Frameworks;
				HEADER_SEARCH_PATHS = (
					/opt/local/include,
					/usr/include,
					/usr/local/include,
				);
				LIBRARY_SEARCH_PATHS = (
					/opt/local/lib,
					/usr/lib,
				);
				OTHER_LDFLAGS = (
					"-framework",
					cocoa,
					"-framework",
					SDL2,
				);
				PRODUCT_NAME = "$(TARGET_NAME)";
				USER_HEADER_SEARCH_PATHS = "";
			};
			name = Release;
		};
/* End XCBuildConfiguration section */

/* Begin XCConfigurationList section */
		50082EA91A228D3D00D50464 /* Build configuration list for PBXProject "Garfield" */ = {
			isa = XCConfigurationList;
			buildConfigurations = (
				50082EB31A228D3D00D50464 /* Debug */,
				50082EB41A228D3D00D50464 /* Release */,
			);
			defaultConfigurationIsVisible = 0;
			defaultConfigurationName = Release;
		};
		50082EB51A228D3D00D50464 /* Build configuration list for PBXNativeTarget "Garfield" */ = {
			isa = XCConfigurationList;
			buildConfigurations = (
				50082EB61A228D3D00D50464 /* Debug */,
				50082EB71A228D3D00D50464 /* Release */,
			);
			defaultConfigurationIsVisible = 0;
			defaultConfigurationName = Release;
		};
/* End XCConfigurationList section */
	};
	rootObject = 50082EA61A228D3D00D50464 /* Project object */;
}
